
Microsoft Visual Studio Solution File, Format Version 12.00
# Visual Studio 15
VisualStudioVersion = 15.0.27004.2005
MinimumVisualStudioVersion = 10.0.40219.1
Project("{FAE04EC0-301F-11D3-BF4B-00C04F79EFBC}") = "EqdkpWindowsNotifier", "EqdkpWindowsNotifier\EqdkpWindowsNotifier.csproj", "{10ABE3E3-5DF9-425A-A15C-36D7FF42A530}"
EndProject
Project("{FAE04EC0-301F-11D3-BF4B-00C04F79EFBC}") = "EqdkpApiService", "EqdkpApiService\EqdkpApiService.csproj", "{2BFF9432-CD00-4C66-BDBE-8605999C27D9}"
EndProject
Project("{FAE04EC0-301F-11D3-BF4B-00C04F79EFBC}") = "Tools", "Tools\Tools.csproj", "{7EC3F832-CD4A-4CED-8F69-FB20B1538F79}"
EndProject
Global
	GlobalSection(SolutionConfigurationPlatforms) = preSolution
		Debug|Any CPU = Debug|Any CPU
		Release|Any CPU = Release|Any CPU
	EndGlobalSection
	GlobalSection(ProjectConfigurationPlatforms) = postSolution
		{10ABE3E3-5DF9-425A-A15C-36D7FF42A530}.Debug|Any CPU.ActiveCfg = Debug|Any CPU
		{10ABE3E3-5DF9-425A-A15C-36D7FF42A530}.Debug|Any CPU.Build.0 = Debug|Any CPU
		{10ABE3E3-5DF9-425A-A15C-36D7FF42A530}.Release|Any CPU.ActiveCfg = Release|Any CPU
		{10ABE3E3-5DF9-425A-A15C-36D7FF42A530}.Release|Any CPU.Build.0 = Release|Any CPU
		{2BFF9432-CD00-4C66-BDBE-8605999C27D9}.Debug|Any CPU.ActiveCfg = Debug|Any CPU
		{2BFF9432-CD00-4C66-BDBE-8605999C27D9}.Debug|Any CPU.Build.0 = Debug|Any CPU
		{2BFF9432-CD00-4C66-BDBE-8605999C27D9}.Release|Any CPU.ActiveCfg = Release|Any CPU
		{2BFF9432-CD00-4C66-BDBE-8605999C27D9}.Release|Any CPU.Build.0 = Release|Any CPU
		{7EC3F832-CD4A-4CED-8F69-FB20B1538F79}.Debug|Any CPU.ActiveCfg = Debug|Any CPU
		{7EC3F832-CD4A-4CED-8F69-FB20B1538F79}.Debug|Any CPU.Build.0 = Debug|Any CPU
		{7EC3F832-CD4A-4CED-8F69-FB20B1538F79}.Release|Any CPU.ActiveCfg = Release|Any CPU
		{7EC3F832-CD4A-4CED-8F69-FB20B1538F79}.Release|Any CPU.Build.0 = Release|Any CPU
	EndGlobalSection
	GlobalSection(SolutionProperties) = preSolution
		HideSolutionNode = FALSE
	EndGlobalSection
	GlobalSection(ExtensibilityGlobals) = postSolution
		SolutionGuid = {C3071FF3-D128-4CA4-B350-6261FC8B97D8}
	EndGlobalSection
EndGlobal
